// !$*UTF8*$!
{
	archiveVersion = 1;
	classes = {
	};
	objectVersion = 46;
	objects = {

/* Begin PBXBuildFile section */
		B038F3361B64C57800DEE8BA /* AppDelegate.swift in Sources */ = {isa = PBXBuildFile; fileRef = B038F3351B64C57800DEE8BA /* AppDelegate.swift */; };
		B038F33B1B64C57800DEE8BA /* Main.storyboard in Resources */ = {isa = PBXBuildFile; fileRef = B038F3391B64C57800DEE8BA /* Main.storyboard */; };
		B038F33D1B64C57800DEE8BA /* Assets.xcassets in Resources */ = {isa = PBXBuildFile; fileRef = B038F33C1B64C57800DEE8BA /* Assets.xcassets */; };
		B038F3401B64C57800DEE8BA /* LaunchScreen.storyboard in Resources */ = {isa = PBXBuildFile; fileRef = B038F33E1B64C57800DEE8BA /* LaunchScreen.storyboard */; };
		B038F3491B64C5C800DEE8BA /* EditPageViewController.swift in Sources */ = {isa = PBXBuildFile; fileRef = B038F3481B64C5C800DEE8BA /* EditPageViewController.swift */; };
		B038F34D1B64C61200DEE8BA /* FrontPageViewController.swift in Sources */ = {isa = PBXBuildFile; fileRef = B038F34C1B64C61200DEE8BA /* FrontPageViewController.swift */; };
		B038F3501B64CF1F00DEE8BA /* ImgLib.swift in Sources */ = {isa = PBXBuildFile; fileRef = B038F34F1B64CF1F00DEE8BA /* ImgLib.swift */; };
		B038F3561B650DE200DEE8BA /* SavedViewHelper.swift in Sources */ = {isa = PBXBuildFile; fileRef = B038F3551B650DE200DEE8BA /* SavedViewHelper.swift */; };
		B038F3581B651C0200DEE8BA /* BottomToolBarHelper.swift in Sources */ = {isa = PBXBuildFile; fileRef = B038F3571B651C0200DEE8BA /* BottomToolBarHelper.swift */; };
		B038F35A1B651ED500DEE8BA /* ColorSpace.swift in Sources */ = {isa = PBXBuildFile; fileRef = B038F3591B651ED500DEE8BA /* ColorSpace.swift */; };
		B038F35C1B651F2700DEE8BA /* CoreGraphics.framework in Frameworks */ = {isa = PBXBuildFile; fileRef = B038F35B1B651F2700DEE8BA /* CoreGraphics.framework */; };
		B038F35E1B651F4900DEE8BA /* UIKit.framework in Frameworks */ = {isa = PBXBuildFile; fileRef = B038F35D1B651F4900DEE8BA /* UIKit.framework */; };
		B038F3601B65219F00DEE8BA /* Constants.swift in Sources */ = {isa = PBXBuildFile; fileRef = B038F35F1B65219F00DEE8BA /* Constants.swift */; };
		B03DBB9D1B67173E005FDC21 /* AFHTTPRequestOperation.m in Sources */ = {isa = PBXBuildFile; fileRef = B03DBB8B1B67173E005FDC21 /* AFHTTPRequestOperation.m */; };
		B03DBB9E1B67173E005FDC21 /* AFHTTPRequestOperationManager.m in Sources */ = {isa = PBXBuildFile; fileRef = B03DBB8D1B67173E005FDC21 /* AFHTTPRequestOperationManager.m */; };
		B03DBB9F1B67173E005FDC21 /* AFHTTPSessionManager.m in Sources */ = {isa = PBXBuildFile; fileRef = B03DBB8F1B67173E005FDC21 /* AFHTTPSessionManager.m */; };
		B03DBBA01B67173E005FDC21 /* AFNetworkReachabilityManager.m in Sources */ = {isa = PBXBuildFile; fileRef = B03DBB921B67173E005FDC21 /* AFNetworkReachabilityManager.m */; };
		B03DBBA11B67173E005FDC21 /* AFSecurityPolicy.m in Sources */ = {isa = PBXBuildFile; fileRef = B03DBB941B67173E005FDC21 /* AFSecurityPolicy.m */; };
		B03DBBA21B67173E005FDC21 /* AFURLConnectionOperation.m in Sources */ = {isa = PBXBuildFile; fileRef = B03DBB961B67173E005FDC21 /* AFURLConnectionOperation.m */; };
		B03DBBA31B67173E005FDC21 /* AFURLRequestSerialization.m in Sources */ = {isa = PBXBuildFile; fileRef = B03DBB981B67173E005FDC21 /* AFURLRequestSerialization.m */; };
		B03DBBA41B67173E005FDC21 /* AFURLResponseSerialization.m in Sources */ = {isa = PBXBuildFile; fileRef = B03DBB9A1B67173E005FDC21 /* AFURLResponseSerialization.m */; };
		B03DBBA51B67173E005FDC21 /* AFURLSessionManager.m in Sources */ = {isa = PBXBuildFile; fileRef = B03DBB9C1B67173E005FDC21 /* AFURLSessionManager.m */; };
		B03DBBB91B67174F005FDC21 /* AFNetworkActivityIndicatorManager.m in Sources */ = {isa = PBXBuildFile; fileRef = B03DBBA81B67174F005FDC21 /* AFNetworkActivityIndicatorManager.m */; };
		B03DBBBA1B67174F005FDC21 /* UIActivityIndicatorView+AFNetworking.m in Sources */ = {isa = PBXBuildFile; fileRef = B03DBBAA1B67174F005FDC21 /* UIActivityIndicatorView+AFNetworking.m */; };
		B03DBBBB1B67174F005FDC21 /* UIAlertView+AFNetworking.m in Sources */ = {isa = PBXBuildFile; fileRef = B03DBBAC1B67174F005FDC21 /* UIAlertView+AFNetworking.m */; };
		B03DBBBC1B67174F005FDC21 /* UIButton+AFNetworking.m in Sources */ = {isa = PBXBuildFile; fileRef = B03DBBAE1B67174F005FDC21 /* UIButton+AFNetworking.m */; };
		B03DBBBD1B67174F005FDC21 /* UIImageView+AFNetworking.m in Sources */ = {isa = PBXBuildFile; fileRef = B03DBBB11B67174F005FDC21 /* UIImageView+AFNetworking.m */; };
		B03DBBBE1B67174F005FDC21 /* UIProgressView+AFNetworking.m in Sources */ = {isa = PBXBuildFile; fileRef = B03DBBB41B67174F005FDC21 /* UIProgressView+AFNetworking.m */; };
		B03DBBBF1B67174F005FDC21 /* UIRefreshControl+AFNetworking.m in Sources */ = {isa = PBXBuildFile; fileRef = B03DBBB61B67174F005FDC21 /* UIRefreshControl+AFNetworking.m */; };
		B03DBBC01B67174F005FDC21 /* UIWebView+AFNetworking.m in Sources */ = {isa = PBXBuildFile; fileRef = B03DBBB81B67174F005FDC21 /* UIWebView+AFNetworking.m */; };
		B03DBBC51B6719CF005FDC21 /* faceAPI.mm in Sources */ = {isa = PBXBuildFile; fileRef = B03DBBC41B6719CF005FDC21 /* faceAPI.mm */; };
		B079C9251B69CEB5000FE040 /* animBackground.swift in Sources */ = {isa = PBXBuildFile; fileRef = B079C9241B69CEB5000FE040 /* animBackground.swift */; };
		B0906A451B68BE20007820B8 /* faceLandmarks.m in Sources */ = {isa = PBXBuildFile; fileRef = B0906A441B68BE20007820B8 /* faceLandmarks.m */; };
		B0906A4E1B69BDC4007820B8 /* FeHandwriting.m in Sources */ = {isa = PBXBuildFile; fileRef = B0906A4D1B69BDC4007820B8 /* FeHandwriting.m */; };
/* End PBXBuildFile section */

/* Begin PBXFileReference section */
		B038F3321B64C57800DEE8BA /* TryOn.app */ = {isa = PBXFileReference; explicitFileType = wrapper.application; includeInIndex = 0; path = TryOn.app; sourceTree = BUILT_PRODUCTS_DIR; };
		B038F3351B64C57800DEE8BA /* AppDelegate.swift */ = {isa = PBXFileReference; lastKnownFileType = sourcecode.swift; path = AppDelegate.swift; sourceTree = "<group>"; };
		B038F33A1B64C57800DEE8BA /* Base */ = {isa = PBXFileReference; lastKnownFileType = file.storyboard; name = Base; path = Base.lproj/Main.storyboard; sourceTree = "<group>"; };
		B038F33C1B64C57800DEE8BA /* Assets.xcassets */ = {isa = PBXFileReference; lastKnownFileType = folder.assetcatalog; path = Assets.xcassets; sourceTree = "<group>"; };
		B038F33F1B64C57800DEE8BA /* Base */ = {isa = PBXFileReference; lastKnownFileType = file.storyboard; name = Base; path = Base.lproj/LaunchScreen.storyboard; sourceTree = "<group>"; };
		B038F3411B64C57800DEE8BA /* Info.plist */ = {isa = PBXFileReference; lastKnownFileType = text.plist.xml; path = Info.plist; sourceTree = "<group>"; };
		B038F3481B64C5C800DEE8BA /* EditPageViewController.swift */ = {isa = PBXFileReference; fileEncoding = 4; lastKnownFileType = sourcecode.swift; path = EditPageViewController.swift; sourceTree = "<group>"; };
		B038F34C1B64C61200DEE8BA /* FrontPageViewController.swift */ = {isa = PBXFileReference; fileEncoding = 4; lastKnownFileType = sourcecode.swift; path = FrontPageViewController.swift; sourceTree = "<group>"; };
		B038F34F1B64CF1F00DEE8BA /* ImgLib.swift */ = {isa = PBXFileReference; fileEncoding = 4; lastKnownFileType = sourcecode.swift; path = ImgLib.swift; sourceTree = "<group>"; };
		B038F3551B650DE200DEE8BA /* SavedViewHelper.swift */ = {isa = PBXFileReference; fileEncoding = 4; lastKnownFileType = sourcecode.swift; path = SavedViewHelper.swift; sourceTree = "<group>"; };
		B038F3571B651C0200DEE8BA /* BottomToolBarHelper.swift */ = {isa = PBXFileReference; fileEncoding = 4; lastKnownFileType = sourcecode.swift; path = BottomToolBarHelper.swift; sourceTree = "<group>"; };
		B038F3591B651ED500DEE8BA /* ColorSpace.swift */ = {isa = PBXFileReference; fileEncoding = 4; lastKnownFileType = sourcecode.swift; path = ColorSpace.swift; sourceTree = "<group>"; };
		B038F35B1B651F2700DEE8BA /* CoreGraphics.framework */ = {isa = PBXFileReference; lastKnownFileType = wrapper.framework; name = CoreGraphics.framework; path = System/Library/Frameworks/CoreGraphics.framework; sourceTree = SDKROOT; };
		B038F35D1B651F4900DEE8BA /* UIKit.framework */ = {isa = PBXFileReference; lastKnownFileType = wrapper.framework; name = UIKit.framework; path = System/Library/Frameworks/UIKit.framework; sourceTree = SDKROOT; };
		B038F35F1B65219F00DEE8BA /* Constants.swift */ = {isa = PBXFileReference; fileEncoding = 4; lastKnownFileType = sourcecode.swift; path = Constants.swift; sourceTree = "<group>"; };
		B03DBB8A1B67173E005FDC21 /* AFHTTPRequestOperation.h */ = {isa = PBXFileReference; fileEncoding = 4; lastKnownFileType = sourcecode.c.h; path = AFHTTPRequestOperation.h; sourceTree = "<group>"; };
		B03DBB8B1B67173E005FDC21 /* AFHTTPRequestOperation.m */ = {isa = PBXFileReference; fileEncoding = 4; lastKnownFileType = sourcecode.c.objc; path = AFHTTPRequestOperation.m; sourceTree = "<group>"; };
		B03DBB8C1B67173E005FDC21 /* AFHTTPRequestOperationManager.h */ = {isa = PBXFileReference; fileEncoding = 4; lastKnownFileType = sourcecode.c.h; path = AFHTTPRequestOperationManager.h; sourceTree = "<group>"; };
		B03DBB8D1B67173E005FDC21 /* AFHTTPRequestOperationManager.m */ = {isa = PBXFileReference; fileEncoding = 4; lastKnownFileType = sourcecode.c.objc; path = AFHTTPRequestOperationManager.m; sourceTree = "<group>"; };
		B03DBB8E1B67173E005FDC21 /* AFHTTPSessionManager.h */ = {isa = PBXFileReference; fileEncoding = 4; lastKnownFileType = sourcecode.c.h; path = AFHTTPSessionManager.h; sourceTree = "<group>"; };
		B03DBB8F1B67173E005FDC21 /* AFHTTPSessionManager.m */ = {isa = PBXFileReference; fileEncoding = 4; lastKnownFileType = sourcecode.c.objc; path = AFHTTPSessionManager.m; sourceTree = "<group>"; };
		B03DBB901B67173E005FDC21 /* AFNetworking.h */ = {isa = PBXFileReference; fileEncoding = 4; lastKnownFileType = sourcecode.c.h; path = AFNetworking.h; sourceTree = "<group>"; };
		B03DBB911B67173E005FDC21 /* AFNetworkReachabilityManager.h */ = {isa = PBXFileReference; fileEncoding = 4; lastKnownFileType = sourcecode.c.h; path = AFNetworkReachabilityManager.h; sourceTree = "<group>"; };
		B03DBB921B67173E005FDC21 /* AFNetworkReachabilityManager.m */ = {isa = PBXFileReference; fileEncoding = 4; lastKnownFileType = sourcecode.c.objc; path = AFNetworkReachabilityManager.m; sourceTree = "<group>"; };
		B03DBB931B67173E005FDC21 /* AFSecurityPolicy.h */ = {isa = PBXFileReference; fileEncoding = 4; lastKnownFileType = sourcecode.c.h; path = AFSecurityPolicy.h; sourceTree = "<group>"; };
		B03DBB941B67173E005FDC21 /* AFSecurityPolicy.m */ = {isa = PBXFileReference; fileEncoding = 4; lastKnownFileType = sourcecode.c.objc; path = AFSecurityPolicy.m; sourceTree = "<group>"; };
		B03DBB951B67173E005FDC21 /* AFURLConnectionOperation.h */ = {isa = PBXFileReference; fileEncoding = 4; lastKnownFileType = sourcecode.c.h; path = AFURLConnectionOperation.h; sourceTree = "<group>"; };
		B03DBB961B67173E005FDC21 /* AFURLConnectionOperation.m */ = {isa = PBXFileReference; fileEncoding = 4; lastKnownFileType = sourcecode.c.objc; path = AFURLConnectionOperation.m; sourceTree = "<group>"; };
		B03DBB971B67173E005FDC21 /* AFURLRequestSerialization.h */ = {isa = PBXFileReference; fileEncoding = 4; lastKnownFileType = sourcecode.c.h; path = AFURLRequestSerialization.h; sourceTree = "<group>"; };
		B03DBB981B67173E005FDC21 /* AFURLRequestSerialization.m */ = {isa = PBXFileReference; fileEncoding = 4; lastKnownFileType = sourcecode.c.objc; path = AFURLRequestSerialization.m; sourceTree = "<group>"; };
		B03DBB991B67173E005FDC21 /* AFURLResponseSerialization.h */ = {isa = PBXFileReference; fileEncoding = 4; lastKnownFileType = sourcecode.c.h; path = AFURLResponseSerialization.h; sourceTree = "<group>"; };
		B03DBB9A1B67173E005FDC21 /* AFURLResponseSerialization.m */ = {isa = PBXFileReference; fileEncoding = 4; lastKnownFileType = sourcecode.c.objc; path = AFURLResponseSerialization.m; sourceTree = "<group>"; };
		B03DBB9B1B67173E005FDC21 /* AFURLSessionManager.h */ = {isa = PBXFileReference; fileEncoding = 4; lastKnownFileType = sourcecode.c.h; path = AFURLSessionManager.h; sourceTree = "<group>"; };
		B03DBB9C1B67173E005FDC21 /* AFURLSessionManager.m */ = {isa = PBXFileReference; fileEncoding = 4; lastKnownFileType = sourcecode.c.objc; path = AFURLSessionManager.m; sourceTree = "<group>"; };
		B03DBBA71B67174F005FDC21 /* AFNetworkActivityIndicatorManager.h */ = {isa = PBXFileReference; fileEncoding = 4; lastKnownFileType = sourcecode.c.h; path = AFNetworkActivityIndicatorManager.h; sourceTree = "<group>"; };
		B03DBBA81B67174F005FDC21 /* AFNetworkActivityIndicatorManager.m */ = {isa = PBXFileReference; fileEncoding = 4; lastKnownFileType = sourcecode.c.objc; path = AFNetworkActivityIndicatorManager.m; sourceTree = "<group>"; };
		B03DBBA91B67174F005FDC21 /* UIActivityIndicatorView+AFNetworking.h */ = {isa = PBXFileReference; fileEncoding = 4; lastKnownFileType = sourcecode.c.h; path = "UIActivityIndicatorView+AFNetworking.h"; sourceTree = "<group>"; };
		B03DBBAA1B67174F005FDC21 /* UIActivityIndicatorView+AFNetworking.m */ = {isa = PBXFileReference; fileEncoding = 4; lastKnownFileType = sourcecode.c.objc; path = "UIActivityIndicatorView+AFNetworking.m"; sourceTree = "<group>"; };
		B03DBBAB1B67174F005FDC21 /* UIAlertView+AFNetworking.h */ = {isa = PBXFileReference; fileEncoding = 4; lastKnownFileType = sourcecode.c.h; path = "UIAlertView+AFNetworking.h"; sourceTree = "<group>"; };
		B03DBBAC1B67174F005FDC21 /* UIAlertView+AFNetworking.m */ = {isa = PBXFileReference; fileEncoding = 4; lastKnownFileType = sourcecode.c.objc; path = "UIAlertView+AFNetworking.m"; sourceTree = "<group>"; };
		B03DBBAD1B67174F005FDC21 /* UIButton+AFNetworking.h */ = {isa = PBXFileReference; fileEncoding = 4; lastKnownFileType = sourcecode.c.h; path = "UIButton+AFNetworking.h"; sourceTree = "<group>"; };
		B03DBBAE1B67174F005FDC21 /* UIButton+AFNetworking.m */ = {isa = PBXFileReference; fileEncoding = 4; lastKnownFileType = sourcecode.c.objc; path = "UIButton+AFNetworking.m"; sourceTree = "<group>"; };
		B03DBBAF1B67174F005FDC21 /* UIImage+AFNetworking.h */ = {isa = PBXFileReference; fileEncoding = 4; lastKnownFileType = sourcecode.c.h; path = "UIImage+AFNetworking.h"; sourceTree = "<group>"; };
		B03DBBB01B67174F005FDC21 /* UIImageView+AFNetworking.h */ = {isa = PBXFileReference; fileEncoding = 4; lastKnownFileType = sourcecode.c.h; path = "UIImageView+AFNetworking.h"; sourceTree = "<group>"; };
		B03DBBB11B67174F005FDC21 /* UIImageView+AFNetworking.m */ = {isa = PBXFileReference; fileEncoding = 4; lastKnownFileType = sourcecode.c.objc; path = "UIImageView+AFNetworking.m"; sourceTree = "<group>"; };
		B03DBBB21B67174F005FDC21 /* UIKit+AFNetworking.h */ = {isa = PBXFileReference; fileEncoding = 4; lastKnownFileType = sourcecode.c.h; path = "UIKit+AFNetworking.h"; sourceTree = "<group>"; };
		B03DBBB31B67174F005FDC21 /* UIProgressView+AFNetworking.h */ = {isa = PBXFileReference; fileEncoding = 4; lastKnownFileType = sourcecode.c.h; path = "UIProgressView+AFNetworking.h"; sourceTree = "<group>"; };
		B03DBBB41B67174F005FDC21 /* UIProgressView+AFNetworking.m */ = {isa = PBXFileReference; fileEncoding = 4; lastKnownFileType = sourcecode.c.objc; path = "UIProgressView+AFNetworking.m"; sourceTree = "<group>"; };
		B03DBBB51B67174F005FDC21 /* UIRefreshControl+AFNetworking.h */ = {isa = PBXFileReference; fileEncoding = 4; lastKnownFileType = sourcecode.c.h; path = "UIRefreshControl+AFNetworking.h"; sourceTree = "<group>"; };
		B03DBBB61B67174F005FDC21 /* UIRefreshControl+AFNetworking.m */ = {isa = PBXFileReference; fileEncoding = 4; lastKnownFileType = sourcecode.c.objc; path = "UIRefreshControl+AFNetworking.m"; sourceTree = "<group>"; };
		B03DBBB71B67174F005FDC21 /* UIWebView+AFNetworking.h */ = {isa = PBXFileReference; fileEncoding = 4; lastKnownFileType = sourcecode.c.h; path = "UIWebView+AFNetworking.h"; sourceTree = "<group>"; };
		B03DBBB81B67174F005FDC21 /* UIWebView+AFNetworking.m */ = {isa = PBXFileReference; fileEncoding = 4; lastKnownFileType = sourcecode.c.objc; path = "UIWebView+AFNetworking.m"; sourceTree = "<group>"; };
		B03DBBC31B6718CE005FDC21 /* TryOn-Bridging-Header.h */ = {isa = PBXFileReference; lastKnownFileType = sourcecode.c.h; path = "TryOn-Bridging-Header.h"; sourceTree = SOURCE_ROOT; };
		B03DBBC41B6719CF005FDC21 /* faceAPI.mm */ = {isa = PBXFileReference; fileEncoding = 4; lastKnownFileType = sourcecode.cpp.objcpp; path = faceAPI.mm; sourceTree = "<group>"; };
		B03DBBC61B6719E0005FDC21 /* faceAPI.h */ = {isa = PBXFileReference; lastKnownFileType = sourcecode.c.h; path = faceAPI.h; sourceTree = "<group>"; };
		B079C9241B69CEB5000FE040 /* animBackground.swift */ = {isa = PBXFileReference; fileEncoding = 4; lastKnownFileType = sourcecode.swift; path = animBackground.swift; sourceTree = "<group>"; };
		B0906A441B68BE20007820B8 /* faceLandmarks.m */ = {isa = PBXFileReference; fileEncoding = 4; lastKnownFileType = sourcecode.c.objc; path = faceLandmarks.m; sourceTree = "<group>"; };
		B0906A491B68BF8B007820B8 /* faceLandmarks.h */ = {isa = PBXFileReference; lastKnownFileType = sourcecode.c.h; path = faceLandmarks.h; sourceTree = "<group>"; };
		B0906A4C1B69BDB1007820B8 /* FeHandwriting.h */ = {isa = PBXFileReference; fileEncoding = 4; lastKnownFileType = sourcecode.c.h; path = FeHandwriting.h; sourceTree = "<group>"; };
		B0906A4D1B69BDC4007820B8 /* FeHandwriting.m */ = {isa = PBXFileReference; fileEncoding = 4; lastKnownFileType = sourcecode.c.objc; path = FeHandwriting.m; sourceTree = "<group>"; };
/* End PBXFileReference section */

/* Begin PBXFrameworksBuildPhase section */
		B038F32F1B64C57800DEE8BA /* Frameworks */ = {
			isa = PBXFrameworksBuildPhase;
			buildActionMask = 2147483647;
			files = (
				B038F35E1B651F4900DEE8BA /* UIKit.framework in Frameworks */,
				B038F35C1B651F2700DEE8BA /* CoreGraphics.framework in Frameworks */,
			);
			runOnlyForDeploymentPostprocessing = 0;
		};
/* End PBXFrameworksBuildPhase section */

/* Begin PBXGroup section */
		B038F3291B64C57800DEE8BA = {
			isa = PBXGroup;
			children = (
				B038F35D1B651F4900DEE8BA /* UIKit.framework */,
				B038F35B1B651F2700DEE8BA /* CoreGraphics.framework */,
				B038F3341B64C57800DEE8BA /* TryOn */,
				B038F3331B64C57800DEE8BA /* Products */,
			);
			sourceTree = "<group>";
		};
		B038F3331B64C57800DEE8BA /* Products */ = {
			isa = PBXGroup;
			children = (
				B038F3321B64C57800DEE8BA /* TryOn.app */,
			);
			name = Products;
			sourceTree = "<group>";
		};
		B038F3341B64C57800DEE8BA /* TryOn */ = {
			isa = PBXGroup;
			children = (
				B0906A4B1B69BD50007820B8 /* Animation */,
				B0906A4A1B69BD21007820B8 /* faceAPI */,
				B03DBBC31B6718CE005FDC21 /* TryOn-Bridging-Header.h */,
				B03DBBA61B67174F005FDC21 /* UIKit+AFNetworking */,
				B03DBB891B67173E005FDC21 /* AFNetworking */,
				B038F34E1B64CEEA00DEE8BA /* Util */,
				B038F3471B64C59000DEE8BA /* VC */,
				B038F3351B64C57800DEE8BA /* AppDelegate.swift */,
				B038F3391B64C57800DEE8BA /* Main.storyboard */,
				B038F33C1B64C57800DEE8BA /* Assets.xcassets */,
				B038F33E1B64C57800DEE8BA /* LaunchScreen.storyboard */,
				B038F3411B64C57800DEE8BA /* Info.plist */,
			);
			path = TryOn;
			sourceTree = "<group>";
		};
		B038F3471B64C59000DEE8BA /* VC */ = {
			isa = PBXGroup;
			children = (
				B038F3481B64C5C800DEE8BA /* EditPageViewController.swift */,
				B038F34C1B64C61200DEE8BA /* FrontPageViewController.swift */,
			);
			name = VC;
			sourceTree = "<group>";
		};
		B038F34E1B64CEEA00DEE8BA /* Util */ = {
			isa = PBXGroup;
			children = (
				B038F34F1B64CF1F00DEE8BA /* ImgLib.swift */,
				B038F3551B650DE200DEE8BA /* SavedViewHelper.swift */,
				B038F3571B651C0200DEE8BA /* BottomToolBarHelper.swift */,
				B038F3591B651ED500DEE8BA /* ColorSpace.swift */,
				B038F35F1B65219F00DEE8BA /* Constants.swift */,
			);
			name = Util;
			sourceTree = "<group>";
		};
		B03DBB891B67173E005FDC21 /* AFNetworking */ = {
			isa = PBXGroup;
			children = (
				B03DBB8A1B67173E005FDC21 /* AFHTTPRequestOperation.h */,
				B03DBB8B1B67173E005FDC21 /* AFHTTPRequestOperation.m */,
				B03DBB8C1B67173E005FDC21 /* AFHTTPRequestOperationManager.h */,
				B03DBB8D1B67173E005FDC21 /* AFHTTPRequestOperationManager.m */,
				B03DBB8E1B67173E005FDC21 /* AFHTTPSessionManager.h */,
				B03DBB8F1B67173E005FDC21 /* AFHTTPSessionManager.m */,
				B03DBB901B67173E005FDC21 /* AFNetworking.h */,
				B03DBB911B67173E005FDC21 /* AFNetworkReachabilityManager.h */,
				B03DBB921B67173E005FDC21 /* AFNetworkReachabilityManager.m */,
				B03DBB931B67173E005FDC21 /* AFSecurityPolicy.h */,
				B03DBB941B67173E005FDC21 /* AFSecurityPolicy.m */,
				B03DBB951B67173E005FDC21 /* AFURLConnectionOperation.h */,
				B03DBB961B67173E005FDC21 /* AFURLConnectionOperation.m */,
				B03DBB971B67173E005FDC21 /* AFURLRequestSerialization.h */,
				B03DBB981B67173E005FDC21 /* AFURLRequestSerialization.m */,
				B03DBB991B67173E005FDC21 /* AFURLResponseSerialization.h */,
				B03DBB9A1B67173E005FDC21 /* AFURLResponseSerialization.m */,
				B03DBB9B1B67173E005FDC21 /* AFURLSessionManager.h */,
				B03DBB9C1B67173E005FDC21 /* AFURLSessionManager.m */,
			);
			path = AFNetworking;
			sourceTree = "<group>";
		};
		B03DBBA61B67174F005FDC21 /* UIKit+AFNetworking */ = {
			isa = PBXGroup;
			children = (
				B03DBBA71B67174F005FDC21 /* AFNetworkActivityIndicatorManager.h */,
				B03DBBA81B67174F005FDC21 /* AFNetworkActivityIndicatorManager.m */,
				B03DBBA91B67174F005FDC21 /* UIActivityIndicatorView+AFNetworking.h */,
				B03DBBAA1B67174F005FDC21 /* UIActivityIndicatorView+AFNetworking.m */,
				B03DBBAB1B67174F005FDC21 /* UIAlertView+AFNetworking.h */,
				B03DBBAC1B67174F005FDC21 /* UIAlertView+AFNetworking.m */,
				B03DBBAD1B67174F005FDC21 /* UIButton+AFNetworking.h */,
				B03DBBAE1B67174F005FDC21 /* UIButton+AFNetworking.m */,
				B03DBBAF1B67174F005FDC21 /* UIImage+AFNetworking.h */,
				B03DBBB01B67174F005FDC21 /* UIImageView+AFNetworking.h */,
				B03DBBB11B67174F005FDC21 /* UIImageView+AFNetworking.m */,
				B03DBBB21B67174F005FDC21 /* UIKit+AFNetworking.h */,
				B03DBBB31B67174F005FDC21 /* UIProgressView+AFNetworking.h */,
				B03DBBB41B67174F005FDC21 /* UIProgressView+AFNetworking.m */,
				B03DBBB51B67174F005FDC21 /* UIRefreshControl+AFNetworking.h */,
				B03DBBB61B67174F005FDC21 /* UIRefreshControl+AFNetworking.m */,
				B03DBBB71B67174F005FDC21 /* UIWebView+AFNetworking.h */,
				B03DBBB81B67174F005FDC21 /* UIWebView+AFNetworking.m */,
			);
			path = "UIKit+AFNetworking";
			sourceTree = "<group>";
		};
		B0906A4A1B69BD21007820B8 /* faceAPI */ = {
			isa = PBXGroup;
			children = (
				B0906A441B68BE20007820B8 /* faceLandmarks.m */,
				B0906A491B68BF8B007820B8 /* faceLandmarks.h */,
				B03DBBC61B6719E0005FDC21 /* faceAPI.h */,
				B03DBBC41B6719CF005FDC21 /* faceAPI.mm */,
			);
			name = faceAPI;
			sourceTree = "<group>";
		};
		B0906A4B1B69BD50007820B8 /* Animation */ = {
			isa = PBXGroup;
			children = (
				B0906A4D1B69BDC4007820B8 /* FeHandwriting.m */,
				B0906A4C1B69BDB1007820B8 /* FeHandwriting.h */,
				B079C9241B69CEB5000FE040 /* animBackground.swift */,
			);
			name = Animation;
			sourceTree = "<group>";
		};
/* End PBXGroup section */

/* Begin PBXNativeTarget section */
		B038F3311B64C57800DEE8BA /* TryOn */ = {
			isa = PBXNativeTarget;
			buildConfigurationList = B038F3441B64C57800DEE8BA /* Build configuration list for PBXNativeTarget "TryOn" */;
			buildPhases = (
				B038F32E1B64C57800DEE8BA /* Sources */,
				B038F32F1B64C57800DEE8BA /* Frameworks */,
				B038F3301B64C57800DEE8BA /* Resources */,
			);
			buildRules = (
			);
			dependencies = (
			);
			name = TryOn;
			productName = TryOn;
			productReference = B038F3321B64C57800DEE8BA /* TryOn.app */;
			productType = "com.apple.product-type.application";
		};
/* End PBXNativeTarget section */

/* Begin PBXProject section */
		B038F32A1B64C57800DEE8BA /* Project object */ = {
			isa = PBXProject;
			attributes = {
				LastUpgradeCheck = 0700;
				ORGANIZATIONNAME = QiFeng;
				TargetAttributes = {
					B038F3311B64C57800DEE8BA = {
						CreatedOnToolsVersion = 7.0;
						DevelopmentTeam = 72YX82W59Y;
					};
				};
			};
			buildConfigurationList = B038F32D1B64C57800DEE8BA /* Build configuration list for PBXProject "TryOn" */;
			compatibilityVersion = "Xcode 3.2";
			developmentRegion = English;
			hasScannedForEncodings = 0;
			knownRegions = (
				en,
				Base,
			);
			mainGroup = B038F3291B64C57800DEE8BA;
			productRefGroup = B038F3331B64C57800DEE8BA /* Products */;
			projectDirPath = "";
			projectRoot = "";
			targets = (
				B038F3311B64C57800DEE8BA /* TryOn */,
			);
		};
/* End PBXProject section */

/* Begin PBXResourcesBuildPhase section */
		B038F3301B64C57800DEE8BA /* Resources */ = {
			isa = PBXResourcesBuildPhase;
			buildActionMask = 2147483647;
			files = (
				B038F3401B64C57800DEE8BA /* LaunchScreen.storyboard in Resources */,
				B038F33D1B64C57800DEE8BA /* Assets.xcassets in Resources */,
				B038F33B1B64C57800DEE8BA /* Main.storyboard in Resources */,
			);
			runOnlyForDeploymentPostprocessing = 0;
		};
/* End PBXResourcesBuildPhase section */

/* Begin PBXSourcesBuildPhase section */
		B038F32E1B64C57800DEE8BA /* Sources */ = {
			isa = PBXSourcesBuildPhase;
			buildActionMask = 2147483647;
			files = (
				B0906A4E1B69BDC4007820B8 /* FeHandwriting.m in Sources */,
				B03DBBA51B67173E005FDC21 /* AFURLSessionManager.m in Sources */,
				B03DBBA21B67173E005FDC21 /* AFURLConnectionOperation.m in Sources */,
				B03DBBBF1B67174F005FDC21 /* UIRefreshControl+AFNetworking.m in Sources */,
				B03DBBC51B6719CF005FDC21 /* faceAPI.mm in Sources */,
				B03DBBBC1B67174F005FDC21 /* UIButton+AFNetworking.m in Sources */,
				B03DBBBE1B67174F005FDC21 /* UIProgressView+AFNetworking.m in Sources */,
				B03DBB9D1B67173E005FDC21 /* AFHTTPRequestOperation.m in Sources */,
				B038F35A1B651ED500DEE8BA /* ColorSpace.swift in Sources */,
				B03DBBBB1B67174F005FDC21 /* UIAlertView+AFNetworking.m in Sources */,
				B03DBB9E1B67173E005FDC21 /* AFHTTPRequestOperationManager.m in Sources */,
				B038F34D1B64C61200DEE8BA /* FrontPageViewController.swift in Sources */,
				B079C9251B69CEB5000FE040 /* animBackground.swift in Sources */,
				B038F3491B64C5C800DEE8BA /* EditPageViewController.swift in Sources */,
				B0906A451B68BE20007820B8 /* faceLandmarks.m in Sources */,
				B03DBBBD1B67174F005FDC21 /* UIImageView+AFNetworking.m in Sources */,
				B03DBB9F1B67173E005FDC21 /* AFHTTPSessionManager.m in Sources */,
				B03DBBBA1B67174F005FDC21 /* UIActivityIndicatorView+AFNetworking.m in Sources */,
				B03DBBB91B67174F005FDC21 /* AFNetworkActivityIndicatorManager.m in Sources */,
				B038F3581B651C0200DEE8BA /* BottomToolBarHelper.swift in Sources */,
				B038F3361B64C57800DEE8BA /* AppDelegate.swift in Sources */,
				B038F3561B650DE200DEE8BA /* SavedViewHelper.swift in Sources */,
				B03DBBA11B67173E005FDC21 /* AFSecurityPolicy.m in Sources */,
				B038F3501B64CF1F00DEE8BA /* ImgLib.swift in Sources */,
				B03DBBA31B67173E005FDC21 /* AFURLRequestSerialization.m in Sources */,
				B03DBBA01B67173E005FDC21 /* AFNetworkReachabilityManager.m in Sources */,
				B03DBBC01B67174F005FDC21 /* UIWebView+AFNetworking.m in Sources */,
				B03DBBA41B67173E005FDC21 /* AFURLResponseSerialization.m in Sources */,
				B038F3601B65219F00DEE8BA /* Constants.swift in Sources */,
			);
			runOnlyForDeploymentPostprocessing = 0;
		};
/* End PBXSourcesBuildPhase section */

/* Begin PBXVariantGroup section */
		B038F3391B64C57800DEE8BA /* Main.storyboard */ = {
			isa = PBXVariantGroup;
			children = (
				B038F33A1B64C57800DEE8BA /* Base */,
			);
			name = Main.storyboard;
			sourceTree = "<group>";
		};
		B038F33E1B64C57800DEE8BA /* LaunchScreen.storyboard */ = {
			isa = PBXVariantGroup;
			children = (
				B038F33F1B64C57800DEE8BA /* Base */,
			);
			name = LaunchScreen.storyboard;
			sourceTree = "<group>";
		};
/* End PBXVariantGroup section */

/* Begin XCBuildConfiguration section */
		B038F3421B64C57800DEE8BA /* Debug */ = {
			isa = XCBuildConfiguration;
			buildSettings = {
				ALWAYS_SEARCH_USER_PATHS = NO;
				CLANG_CXX_LANGUAGE_STANDARD = "gnu++0x";
				CLANG_CXX_LIBRARY = "libc++";
				CLANG_ENABLE_MODULES = YES;
				CLANG_ENABLE_OBJC_ARC = YES;
				CLANG_WARN_BOOL_CONVERSION = YES;
				CLANG_WARN_CONSTANT_CONVERSION = YES;
				CLANG_WARN_DIRECT_OBJC_ISA_USAGE = YES_ERROR;
				CLANG_WARN_EMPTY_BODY = YES;
				CLANG_WARN_ENUM_CONVERSION = YES;
				CLANG_WARN_INT_CONVERSION = YES;
				CLANG_WARN_OBJC_ROOT_CLASS = YES_ERROR;
				CLANG_WARN_UNREACHABLE_CODE = YES;
				CLANG_WARN__DUPLICATE_METHOD_MATCH = YES;
				"CODE_SIGN_IDENTITY[sdk=iphoneos*]" = "iPhone Developer";
				COPY_PHASE_STRIP = NO;
				DEBUG_INFORMATION_FORMAT = dwarf;
				ENABLE_STRICT_OBJC_MSGSEND = YES;
				ENABLE_TESTABILITY = YES;
				GCC_C_LANGUAGE_STANDARD = gnu99;
				GCC_DYNAMIC_NO_PIC = NO;
				GCC_NO_COMMON_BLOCKS = YES;
				GCC_OPTIMIZATION_LEVEL = 0;
				GCC_PREPROCESSOR_DEFINITIONS = (
					"DEBUG=1",
					"$(inherited)",
				);
				GCC_WARN_64_TO_32_BIT_CONVERSION = YES;
				GCC_WARN_ABOUT_RETURN_TYPE = YES_ERROR;
				GCC_WARN_UNDECLARED_SELECTOR = YES;
				GCC_WARN_UNINITIALIZED_AUTOS = YES_AGGRESSIVE;
				GCC_WARN_UNUSED_FUNCTION = YES;
				GCC_WARN_UNUSED_VARIABLE = YES;
				IPHONEOS_DEPLOYMENT_TARGET = 9.0;
				MTL_ENABLE_DEBUG_INFO = YES;
				ONLY_ACTIVE_ARCH = YES;
				SDKROOT = iphoneos;
				SWIFT_OPTIMIZATION_LEVEL = "-Onone";
				TARGETED_DEVICE_FAMILY = "1,2";
			};
			name = Debug;
		};
		B038F3431B64C57800DEE8BA /* Release */ = {
			isa = XCBuildConfiguration;
			buildSettings = {
				ALWAYS_SEARCH_USER_PATHS = NO;
				CLANG_CXX_LANGUAGE_STANDARD = "gnu++0x";
				CLANG_CXX_LIBRARY = "libc++";
				CLANG_ENABLE_MODULES = YES;
				CLANG_ENABLE_OBJC_ARC = YES;
				CLANG_WARN_BOOL_CONVERSION = YES;
				CLANG_WARN_CONSTANT_CONVERSION = YES;
				CLANG_WARN_DIRECT_OBJC_ISA_USAGE = YES_ERROR;
				CLANG_WARN_EMPTY_BODY = YES;
				CLANG_WARN_ENUM_CONVERSION = YES;
				CLANG_WARN_INT_CONVERSION = YES;
				CLANG_WARN_OBJC_ROOT_CLASS = YES_ERROR;
				CLANG_WARN_UNREACHABLE_CODE = YES;
				CLANG_WARN__DUPLICATE_METHOD_MATCH = YES;
				"CODE_SIGN_IDENTITY[sdk=iphoneos*]" = "iPhone Developer";
				COPY_PHASE_STRIP = NO;
				DEBUG_INFORMATION_FORMAT = "dwarf-with-dsym";
				ENABLE_NS_ASSERTIONS = NO;
				ENABLE_STRICT_OBJC_MSGSEND = YES;
				GCC_C_LANGUAGE_STANDARD = gnu99;
				GCC_NO_COMMON_BLOCKS = YES;
				GCC_WARN_64_TO_32_BIT_CONVERSION = YES;
				GCC_WARN_ABOUT_RETURN_TYPE = YES_ERROR;
				GCC_WARN_UNDECLARED_SELECTOR = YES;
				GCC_WARN_UNINITIALIZED_AUTOS = YES_AGGRESSIVE;
				GCC_WARN_UNUSED_FUNCTION = YES;
				GCC_WARN_UNUSED_VARIABLE = YES;
				IPHONEOS_DEPLOYMENT_TARGET = 9.0;
				MTL_ENABLE_DEBUG_INFO = NO;
				SDKROOT = iphoneos;
				TARGETED_DEVICE_FAMILY = "1,2";
				VALIDATE_PRODUCT = YES;
			};
			name = Release;
		};
		B038F3451B64C57800DEE8BA /* Debug */ = {
			isa = XCBuildConfiguration;
			buildSettings = {
				ASSETCATALOG_COMPILER_APPICON_NAME = AppIcon;
				CODE_SIGN_IDENTITY = "iPhone Developer";
				INFOPLIST_FILE = TryOn/Info.plist;
				IPHONEOS_DEPLOYMENT_TARGET = 8.3;
				LD_RUNPATH_SEARCH_PATHS = "$(inherited) @executable_path/Frameworks";
				PRODUCT_BUNDLE_IDENTIFIER = com.ard.TryOn;
				PRODUCT_NAME = "$(TARGET_NAME)";
				SWIFT_OBJC_BRIDGING_HEADER = "TryOn-Bridging-Header.h";
			};
			name = Debug;
		};
		B038F3461B64C57800DEE8BA /* Release */ = {
			isa = XCBuildConfiguration;
			buildSettings = {
				ASSETCATALOG_COMPILER_APPICON_NAME = AppIcon;
				CODE_SIGN_IDENTITY = "iPhone Developer";
				INFOPLIST_FILE = TryOn/Info.plist;
				IPHONEOS_DEPLOYMENT_TARGET = 8.3;
				LD_RUNPATH_SEARCH_PATHS = "$(inherited) @executable_path/Frameworks";
				PRODUCT_BUNDLE_IDENTIFIER = com.ard.TryOn;
				PRODUCT_NAME = "$(TARGET_NAME)";
				SWIFT_OBJC_BRIDGING_HEADER = "TryOn-Bridging-Header.h";
			};
			name = Release;
		};
/* End XCBuildConfiguration section */

/* Begin XCConfigurationList section */
		B038F32D1B64C57800DEE8BA /* Build configuration list for PBXProject "TryOn" */ = {
			isa = XCConfigurationList;
			buildConfigurations = (
				B038F3421B64C57800DEE8BA /* Debug */,
				B038F3431B64C57800DEE8BA /* Release */,
			);
			defaultConfigurationIsVisible = 0;
			defaultConfigurationName = Release;
		};
		B038F3441B64C57800DEE8BA /* Build configuration list for PBXNativeTarget "TryOn" */ = {
			isa = XCConfigurationList;
			buildConfigurations = (
				B038F3451B64C57800DEE8BA /* Debug */,
				B038F3461B64C57800DEE8BA /* Release */,
			);
			defaultConfigurationIsVisible = 0;
			defaultConfigurationName = Release;
		};
/* End XCConfigurationList section */
	};
	rootObject = B038F32A1B64C57800DEE8BA /* Project object */;
}
